// !$*UTF8*$!
{
	archiveVersion = 1;
	classes = {
	};
	objectVersion = 46;
	objects = {

/* Begin PBXBuildFile section */
		BE2304E318B3CB1700F0130A /* ODManager.m in Sources */ = {isa = PBXBuildFile; fileRef = BE51E48C18B2916100B11F21 /* ODManager.m */; };
		BE2304E418B3CB1700F0130A /* ODManagerRecord.m in Sources */ = {isa = PBXBuildFile; fileRef = BE51E48E18B2916100B11F21 /* ODManagerRecord.m */; };
		BE2304E518B3CB1700F0130A /* ODManagerEditor.m in Sources */ = {isa = PBXBuildFile; fileRef = BE51E49018B2916100B11F21 /* ODManagerEditor.m */; };
		BE2304E618B3CB1700F0130A /* ODManagerNode.m in Sources */ = {isa = PBXBuildFile; fileRef = BE51E49218B2916100B11F21 /* ODManagerNode.m */; };
		BE2304E718B3CB1700F0130A /* ODSecureObjects.m in Sources */ = {isa = PBXBuildFile; fileRef = BE51E48018B2909C00B11F21 /* ODSecureObjects.m */; };
		BE2304E818B3CB1700F0130A /* ODManagerError.m in Sources */ = {isa = PBXBuildFile; fileRef = BE51E49D18B2921600B11F21 /* ODManagerError.m */; };
		BE2304E918B3CCC500F0130A /* TBXML.m in Sources */ = {isa = PBXBuildFile; fileRef = BE51E4A318B2938000B11F21 /* TBXML.m */; };
		BE51E45918B2907F00B11F21 /* Cocoa.framework in Frameworks */ = {isa = PBXBuildFile; fileRef = BE51E45818B2907F00B11F21 /* Cocoa.framework */; };
		BE51E46A18B2907F00B11F21 /* XCTest.framework in Frameworks */ = {isa = PBXBuildFile; fileRef = BE51E46918B2907F00B11F21 /* XCTest.framework */; };
		BE51E46B18B2907F00B11F21 /* Cocoa.framework in Frameworks */ = {isa = PBXBuildFile; fileRef = BE51E45818B2907F00B11F21 /* Cocoa.framework */; };
		BE51E46E18B2907F00B11F21 /* libODManagerOSX.a in Frameworks */ = {isa = PBXBuildFile; fileRef = BE51E45518B2907F00B11F21 /* libODManagerOSX.a */; };
		BE51E47418B2907F00B11F21 /* InfoPlist.strings in Resources */ = {isa = PBXBuildFile; fileRef = BE51E47218B2907F00B11F21 /* InfoPlist.strings */; };
		BE51E47618B2907F00B11F21 /* ODManagerTests.m in Sources */ = {isa = PBXBuildFile; fileRef = BE51E47518B2907F00B11F21 /* ODManagerTests.m */; };
		BE51E48118B2909C00B11F21 /* ODSecureObjects.h in Headers */ = {isa = PBXBuildFile; fileRef = BE51E47F18B2909C00B11F21 /* ODSecureObjects.h */; settings = {ATTRIBUTES = (Public, ); }; };
		BE51E49318B2916100B11F21 /* ODManager.h in Headers */ = {isa = PBXBuildFile; fileRef = BE51E48B18B2916100B11F21 /* ODManager.h */; settings = {ATTRIBUTES = (Public, ); }; };
		BE51E49518B2916100B11F21 /* ODManagerRecord.h in Headers */ = {isa = PBXBuildFile; fileRef = BE51E48D18B2916100B11F21 /* ODManagerRecord.h */; };
		BE51E49718B2916100B11F21 /* ODManagerEditor.h in Headers */ = {isa = PBXBuildFile; fileRef = BE51E48F18B2916100B11F21 /* ODManagerEditor.h */; };
		BE51E49918B2916100B11F21 /* ODManagerNode.h in Headers */ = {isa = PBXBuildFile; fileRef = BE51E49118B2916100B11F21 /* ODManagerNode.h */; };
		BE51E49F18B2921600B11F21 /* ODManagerError.h in Headers */ = {isa = PBXBuildFile; fileRef = BE51E49C18B2921600B11F21 /* ODManagerError.h */; };
		BE51E4A418B2938000B11F21 /* TBXML.h in Headers */ = {isa = PBXBuildFile; fileRef = BE51E4A218B2938000B11F21 /* TBXML.h */; };
		BE51E4A818B2965E00B11F21 /* OpenDirectory.framework in Frameworks */ = {isa = PBXBuildFile; fileRef = BE51E4A618B2963A00B11F21 /* OpenDirectory.framework */; };
		BE51E4A918B2968F00B11F21 /* ODManagerStrings.strings in Resources */ = {isa = PBXBuildFile; fileRef = BE51E4A118B2938000B11F21 /* ODManagerStrings.strings */; };
		BE51E4AB18B2A05800B11F21 /* ODManagerStrings.strings in Headers */ = {isa = PBXBuildFile; fileRef = BE51E4A118B2938000B11F21 /* ODManagerStrings.strings */; settings = {ATTRIBUTES = (Public, ); }; };
		BEA14CCC18FECF9600BE1A00 /* Cocoa.framework in Frameworks */ = {isa = PBXBuildFile; fileRef = BE51E45818B2907F00B11F21 /* Cocoa.framework */; };
		BEA14CD218FECF9600BE1A00 /* InfoPlist.strings in Resources */ = {isa = PBXBuildFile; fileRef = BEA14CD018FECF9600BE1A00 /* InfoPlist.strings */; };
		BEA14CDC18FECF9600BE1A00 /* XCTest.framework in Frameworks */ = {isa = PBXBuildFile; fileRef = BE51E46918B2907F00B11F21 /* XCTest.framework */; };
		BEA14CDD18FECF9600BE1A00 /* Cocoa.framework in Frameworks */ = {isa = PBXBuildFile; fileRef = BE51E45818B2907F00B11F21 /* Cocoa.framework */; };
		BEA14CE018FECF9600BE1A00 /* ODManager.framework in Frameworks */ = {isa = PBXBuildFile; fileRef = BEA14CCB18FECF9600BE1A00 /* ODManager.framework */; };
		BEA14CE618FECF9600BE1A00 /* InfoPlist.strings in Resources */ = {isa = PBXBuildFile; fileRef = BEA14CE418FECF9600BE1A00 /* InfoPlist.strings */; };
		BEA14CE818FECF9700BE1A00 /* ODManagerTests.m in Sources */ = {isa = PBXBuildFile; fileRef = BEA14CE718FECF9600BE1A00 /* ODManagerTests.m */; };
		BEA14CEF18FECFD700BE1A00 /* OpenDirectory.framework in Frameworks */ = {isa = PBXBuildFile; fileRef = BE51E4A618B2963A00B11F21 /* OpenDirectory.framework */; };
		BEA14CF118FECFE400BE1A00 /* libxml2.dylib in Frameworks */ = {isa = PBXBuildFile; fileRef = BEA14CF018FECFE400BE1A00 /* libxml2.dylib */; };
		BEAC323618FD6794003AEA9C /* OpenDirectory.framework in Frameworks */ = {isa = PBXBuildFile; fileRef = BE51E4A618B2963A00B11F21 /* OpenDirectory.framework */; };
		BEAD213C18FD7C0300E5260E /* ODManagerConstants.h in Headers */ = {isa = PBXBuildFile; fileRef = BEAD213A18FD7B9C00E5260E /* ODManagerConstants.h */; settings = {ATTRIBUTES = (Public, ); }; };
		BEBFF11018FEFC8D008030EC /* ODManagerRecord.m in Sources */ = {isa = PBXBuildFile; fileRef = BE51E48E18B2916100B11F21 /* ODManagerRecord.m */; };
		BEBFF11118FEFC8D008030EC /* ODManagerEditor.m in Sources */ = {isa = PBXBuildFile; fileRef = BE51E49018B2916100B11F21 /* ODManagerEditor.m */; };
		BEBFF11218FEFC8D008030EC /* ODManagerNode.m in Sources */ = {isa = PBXBuildFile; fileRef = BE51E49218B2916100B11F21 /* ODManagerNode.m */; };
		BEBFF11318FEFC8D008030EC /* ODSecureObjects.m in Sources */ = {isa = PBXBuildFile; fileRef = BE51E48018B2909C00B11F21 /* ODSecureObjects.m */; };
		BEBFF11418FEFC8D008030EC /* ODManagerError.m in Sources */ = {isa = PBXBuildFile; fileRef = BE51E49D18B2921600B11F21 /* ODManagerError.m */; };
		BEBFF11518FEFC8D008030EC /* TBXML.m in Sources */ = {isa = PBXBuildFile; fileRef = BE51E4A318B2938000B11F21 /* TBXML.m */; };
		BEBFF11618FEFCB3008030EC /* ODManagerConstants.h in Headers */ = {isa = PBXBuildFile; fileRef = BEAD213A18FD7B9C00E5260E /* ODManagerConstants.h */; settings = {ATTRIBUTES = (Public, ); }; };
		BEBFF11718FEFCB3008030EC /* ODManager.h in Headers */ = {isa = PBXBuildFile; fileRef = BE51E48B18B2916100B11F21 /* ODManager.h */; settings = {ATTRIBUTES = (Public, ); }; };
		BEBFF11818FEFCD3008030EC /* ODManagerRecord.h in Headers */ = {isa = PBXBuildFile; fileRef = BE51E48D18B2916100B11F21 /* ODManagerRecord.h */; };
		BEBFF11918FEFCD3008030EC /* ODManagerEditor.h in Headers */ = {isa = PBXBuildFile; fileRef = BE51E48F18B2916100B11F21 /* ODManagerEditor.h */; };
		BEBFF11A18FEFCD3008030EC /* ODManagerNode.h in Headers */ = {isa = PBXBuildFile; fileRef = BE51E49118B2916100B11F21 /* ODManagerNode.h */; };
		BEBFF11B18FEFCD3008030EC /* ODSecureObjects.h in Headers */ = {isa = PBXBuildFile; fileRef = BE51E47F18B2909C00B11F21 /* ODSecureObjects.h */; };
		BEBFF11C18FEFCD3008030EC /* ODManagerError.h in Headers */ = {isa = PBXBuildFile; fileRef = BE51E49C18B2921600B11F21 /* ODManagerError.h */; };
		BEBFF11D18FEFCD3008030EC /* TBXML.h in Headers */ = {isa = PBXBuildFile; fileRef = BE51E4A218B2938000B11F21 /* TBXML.h */; };
		BEBFF11E18FEFDAF008030EC /* ODManager.m in Sources */ = {isa = PBXBuildFile; fileRef = BE51E48C18B2916100B11F21 /* ODManager.m */; };
/* End PBXBuildFile section */

/* Begin PBXContainerItemProxy section */
		BE51E46C18B2907F00B11F21 /* PBXContainerItemProxy */ = {
			isa = PBXContainerItemProxy;
			containerPortal = BE51E44D18B2907F00B11F21 /* Project object */;
			proxyType = 1;
			remoteGlobalIDString = BE51E45418B2907F00B11F21;
			remoteInfo = ODMangaer;
		};
		BEA14CDE18FECF9600BE1A00 /* PBXContainerItemProxy */ = {
			isa = PBXContainerItemProxy;
			containerPortal = BE51E44D18B2907F00B11F21 /* Project object */;
			proxyType = 1;
			remoteGlobalIDString = BEA14CCA18FECF9600BE1A00;
			remoteInfo = ODManager;
		};
/* End PBXContainerItemProxy section */

/* Begin PBXFileReference section */
		BE51E45518B2907F00B11F21 /* libODManagerOSX.a */ = {isa = PBXFileReference; explicitFileType = archive.ar; includeInIndex = 0; path = libODManagerOSX.a; sourceTree = BUILT_PRODUCTS_DIR; };
		BE51E45818B2907F00B11F21 /* Cocoa.framework */ = {isa = PBXFileReference; lastKnownFileType = wrapper.framework; name = Cocoa.framework; path = System/Library/Frameworks/Cocoa.framework; sourceTree = SDKROOT; };
		BE51E45B18B2907F00B11F21 /* Foundation.framework */ = {isa = PBXFileReference; lastKnownFileType = wrapper.framework; name = Foundation.framework; path = System/Library/Frameworks/Foundation.framework; sourceTree = SDKROOT; };
		BE51E45C18B2907F00B11F21 /* CoreData.framework */ = {isa = PBXFileReference; lastKnownFileType = wrapper.framework; name = CoreData.framework; path = System/Library/Frameworks/CoreData.framework; sourceTree = SDKROOT; };
		BE51E45D18B2907F00B11F21 /* AppKit.framework */ = {isa = PBXFileReference; lastKnownFileType = wrapper.framework; name = AppKit.framework; path = System/Library/Frameworks/AppKit.framework; sourceTree = SDKROOT; };
		BE51E46018B2907F00B11F21 /* ODManager-Prefix.pch */ = {isa = PBXFileReference; lastKnownFileType = sourcecode.c.h; path = "ODManager-Prefix.pch"; sourceTree = "<group>"; };
		BE51E46818B2907F00B11F21 /* ODManagerLibTests.xctest */ = {isa = PBXFileReference; explicitFileType = wrapper.cfbundle; includeInIndex = 0; path = ODManagerLibTests.xctest; sourceTree = BUILT_PRODUCTS_DIR; };
		BE51E46918B2907F00B11F21 /* XCTest.framework */ = {isa = PBXFileReference; lastKnownFileType = wrapper.framework; name = XCTest.framework; path = Library/Frameworks/XCTest.framework; sourceTree = DEVELOPER_DIR; };
		BE51E47118B2907F00B11F21 /* ODManagerTests-Info.plist */ = {isa = PBXFileReference; lastKnownFileType = text.plist.xml; path = "ODManagerTests-Info.plist"; sourceTree = "<group>"; };
		BE51E47318B2907F00B11F21 /* en */ = {isa = PBXFileReference; lastKnownFileType = text.plist.strings; name = en; path = en.lproj/InfoPlist.strings; sourceTree = "<group>"; };
		BE51E47518B2907F00B11F21 /* ODManagerTests.m */ = {isa = PBXFileReference; lastKnownFileType = sourcecode.c.objc; path = ODManagerTests.m; sourceTree = "<group>"; };
		BE51E47F18B2909C00B11F21 /* ODSecureObjects.h */ = {isa = PBXFileReference; fileEncoding = 4; lastKnownFileType = sourcecode.c.h; path = ODSecureObjects.h; sourceTree = "<group>"; };
		BE51E48018B2909C00B11F21 /* ODSecureObjects.m */ = {isa = PBXFileReference; fileEncoding = 4; lastKnownFileType = sourcecode.c.objc; path = ODSecureObjects.m; sourceTree = "<group>"; };
		BE51E48B18B2916100B11F21 /* ODManager.h */ = {isa = PBXFileReference; fileEncoding = 4; lastKnownFileType = sourcecode.c.h; path = ODManager.h; sourceTree = "<group>"; };
		BE51E48C18B2916100B11F21 /* ODManager.m */ = {isa = PBXFileReference; fileEncoding = 4; lastKnownFileType = sourcecode.c.objc; path = ODManager.m; sourceTree = "<group>"; };
		BE51E48D18B2916100B11F21 /* ODManagerRecord.h */ = {isa = PBXFileReference; fileEncoding = 4; lastKnownFileType = sourcecode.c.h; lineEnding = 0; path = ODManagerRecord.h; sourceTree = "<group>"; xcLanguageSpecificationIdentifier = xcode.lang.objcpp; };
		BE51E48E18B2916100B11F21 /* ODManagerRecord.m */ = {isa = PBXFileReference; fileEncoding = 4; lastKnownFileType = sourcecode.c.objc; lineEnding = 0; path = ODManagerRecord.m; sourceTree = "<group>"; xcLanguageSpecificationIdentifier = xcode.lang.objc; };
		BE51E48F18B2916100B11F21 /* ODManagerEditor.h */ = {isa = PBXFileReference; fileEncoding = 4; lastKnownFileType = sourcecode.c.h; path = ODManagerEditor.h; sourceTree = "<group>"; };
		BE51E49018B2916100B11F21 /* ODManagerEditor.m */ = {isa = PBXFileReference; fileEncoding = 4; lastKnownFileType = sourcecode.c.objc; path = ODManagerEditor.m; sourceTree = "<group>"; };
		BE51E49118B2916100B11F21 /* ODManagerNode.h */ = {isa = PBXFileReference; fileEncoding = 4; lastKnownFileType = sourcecode.c.h; lineEnding = 0; path = ODManagerNode.h; sourceTree = "<group>"; xcLanguageSpecificationIdentifier = xcode.lang.objcpp; };
		BE51E49218B2916100B11F21 /* ODManagerNode.m */ = {isa = PBXFileReference; fileEncoding = 4; lastKnownFileType = sourcecode.c.objc; lineEnding = 0; path = ODManagerNode.m; sourceTree = "<group>"; xcLanguageSpecificationIdentifier = xcode.lang.objc; };
		BE51E49C18B2921600B11F21 /* ODManagerError.h */ = {isa = PBXFileReference; fileEncoding = 4; lastKnownFileType = sourcecode.c.h; lineEnding = 0; path = ODManagerError.h; sourceTree = "<group>"; xcLanguageSpecificationIdentifier = xcode.lang.objcpp; };
		BE51E49D18B2921600B11F21 /* ODManagerError.m */ = {isa = PBXFileReference; fileEncoding = 4; lastKnownFileType = sourcecode.c.objc; lineEnding = 0; path = ODManagerError.m; sourceTree = "<group>"; xcLanguageSpecificationIdentifier = xcode.lang.objc; };
		BE51E4A118B2938000B11F21 /* ODManagerStrings.strings */ = {isa = PBXFileReference; fileEncoding = 4; lastKnownFileType = text.plist.strings; path = ODManagerStrings.strings; sourceTree = "<group>"; };
		BE51E4A218B2938000B11F21 /* TBXML.h */ = {isa = PBXFileReference; fileEncoding = 4; lastKnownFileType = sourcecode.c.h; path = TBXML.h; sourceTree = "<group>"; };
		BE51E4A318B2938000B11F21 /* TBXML.m */ = {isa = PBXFileReference; fileEncoding = 4; lastKnownFileType = sourcecode.c.objc; path = TBXML.m; sourceTree = "<group>"; };
		BE51E4A618B2963A00B11F21 /* OpenDirectory.framework */ = {isa = PBXFileReference; lastKnownFileType = wrapper.framework; name = OpenDirectory.framework; path = System/Library/Frameworks/OpenDirectory.framework; sourceTree = SDKROOT; };
		BEA14CCB18FECF9600BE1A00 /* ODManager.framework */ = {isa = PBXFileReference; explicitFileType = wrapper.framework; includeInIndex = 0; path = ODManager.framework; sourceTree = BUILT_PRODUCTS_DIR; };
		BEA14CCF18FECF9600BE1A00 /* ODManager-Info.plist */ = {isa = PBXFileReference; lastKnownFileType = text.plist.xml; path = "ODManager-Info.plist"; sourceTree = "<group>"; };
		BEA14CD118FECF9600BE1A00 /* en */ = {isa = PBXFileReference; lastKnownFileType = text.plist.strings; name = en; path = en.lproj/InfoPlist.strings; sourceTree = "<group>"; };
		BEA14CDB18FECF9600BE1A00 /* ODManagerFrameworkTests.xctest */ = {isa = PBXFileReference; explicitFileType = wrapper.cfbundle; includeInIndex = 0; path = ODManagerFrameworkTests.xctest; sourceTree = BUILT_PRODUCTS_DIR; };
		BEA14CE318FECF9600BE1A00 /* ODManagerTests-Info.plist */ = {isa = PBXFileReference; lastKnownFileType = text.plist.xml; path = "ODManagerTests-Info.plist"; sourceTree = "<group>"; };
		BEA14CE518FECF9600BE1A00 /* en */ = {isa = PBXFileReference; lastKnownFileType = text.plist.strings; name = en; path = en.lproj/InfoPlist.strings; sourceTree = "<group>"; };
		BEA14CE718FECF9600BE1A00 /* ODManagerTests.m */ = {isa = PBXFileReference; lastKnownFileType = sourcecode.c.objc; path = ODManagerTests.m; sourceTree = "<group>"; };
		BEA14CF018FECFE400BE1A00 /* libxml2.dylib */ = {isa = PBXFileReference; lastKnownFileType = "compiled.mach-o.dylib"; name = libxml2.dylib; path = usr/lib/libxml2.dylib; sourceTree = SDKROOT; };
		BEAC320818FC0E04003AEA9C /* ODMangerTests-Info.plist */ = {isa = PBXFileReference; lastKnownFileType = text.plist.xml; path = "ODMangerTests-Info.plist"; sourceTree = "<group>"; };
		BEAC320A18FC0E04003AEA9C /* en */ = {isa = PBXFileReference; lastKnownFileType = text.plist.strings; name = en; path = en.lproj/InfoPlist.strings; sourceTree = "<group>"; };
		BEAC320C18FC0E04003AEA9C /* ODMangerTests.m */ = {isa = PBXFileReference; lastKnownFileType = sourcecode.c.objc; path = ODMangerTests.m; sourceTree = "<group>"; };
		BEAD213A18FD7B9C00E5260E /* ODManagerConstants.h */ = {isa = PBXFileReference; lastKnownFileType = sourcecode.c.h; path = ODManagerConstants.h; sourceTree = "<group>"; };
/* End PBXFileReference section */

/* Begin PBXFrameworksBuildPhase section */
		BE51E45218B2907F00B11F21 /* Frameworks */ = {
			isa = PBXFrameworksBuildPhase;
			buildActionMask = 2147483647;
			files = (
				BEAC323618FD6794003AEA9C /* OpenDirectory.framework in Frameworks */,
				BE51E45918B2907F00B11F21 /* Cocoa.framework in Frameworks */,
			);
			runOnlyForDeploymentPostprocessing = 0;
		};
		BE51E46518B2907F00B11F21 /* Frameworks */ = {
			isa = PBXFrameworksBuildPhase;
			buildActionMask = 2147483647;
			files = (
				BE51E46E18B2907F00B11F21 /* libODManagerOSX.a in Frameworks */,
				BE51E4A818B2965E00B11F21 /* OpenDirectory.framework in Frameworks */,
				BE51E46B18B2907F00B11F21 /* Cocoa.framework in Frameworks */,
				BE51E46A18B2907F00B11F21 /* XCTest.framework in Frameworks */,
			);
			runOnlyForDeploymentPostprocessing = 0;
		};
		BEA14CC718FECF9600BE1A00 /* Frameworks */ = {
			isa = PBXFrameworksBuildPhase;
			buildActionMask = 2147483647;
			files = (
				BEA14CF118FECFE400BE1A00 /* libxml2.dylib in Frameworks */,
				BEA14CEF18FECFD700BE1A00 /* OpenDirectory.framework in Frameworks */,
				BEA14CCC18FECF9600BE1A00 /* Cocoa.framework in Frameworks */,
			);
			runOnlyForDeploymentPostprocessing = 0;
		};
		BEA14CD818FECF9600BE1A00 /* Frameworks */ = {
			isa = PBXFrameworksBuildPhase;
			buildActionMask = 2147483647;
			files = (
				BEA14CDD18FECF9600BE1A00 /* Cocoa.framework in Frameworks */,
				BEA14CDC18FECF9600BE1A00 /* XCTest.framework in Frameworks */,
				BEA14CE018FECF9600BE1A00 /* ODManager.framework in Frameworks */,
			);
			runOnlyForDeploymentPostprocessing = 0;
		};
/* End PBXFrameworksBuildPhase section */

/* Begin PBXGroup section */
		BE51E44C18B2907F00B11F21 = {
			isa = PBXGroup;
			children = (
				BE51E45E18B2907F00B11F21 /* ODManager */,
				BE51E46F18B2907F00B11F21 /* ODManagerTests */,
				BEAC320618FC0E04003AEA9C /* ODMangerTests */,
				BEA14CE118FECF9600BE1A00 /* ODManagerTests */,
				BE51E45718B2907F00B11F21 /* Frameworks */,
				BE51E45618B2907F00B11F21 /* Products */,
			);
			sourceTree = "<group>";
		};
		BE51E45618B2907F00B11F21 /* Products */ = {
			isa = PBXGroup;
			children = (
				BE51E45518B2907F00B11F21 /* libODManagerOSX.a */,
				BE51E46818B2907F00B11F21 /* ODManagerLibTests.xctest */,
				BEA14CCB18FECF9600BE1A00 /* ODManager.framework */,
				BEA14CDB18FECF9600BE1A00 /* ODManagerFrameworkTests.xctest */,
			);
			name = Products;
			sourceTree = "<group>";
		};
		BE51E45718B2907F00B11F21 /* Frameworks */ = {
			isa = PBXGroup;
			children = (
				BEA14CF018FECFE400BE1A00 /* libxml2.dylib */,
				BE51E4A618B2963A00B11F21 /* OpenDirectory.framework */,
				BE51E45818B2907F00B11F21 /* Cocoa.framework */,
				BE51E46918B2907F00B11F21 /* XCTest.framework */,
				BE51E45A18B2907F00B11F21 /* Other Frameworks */,
			);
			name = Frameworks;
			sourceTree = "<group>";
		};
		BE51E45A18B2907F00B11F21 /* Other Frameworks */ = {
			isa = PBXGroup;
			children = (
				BE51E45B18B2907F00B11F21 /* Foundation.framework */,
				BE51E45C18B2907F00B11F21 /* CoreData.framework */,
				BE51E45D18B2907F00B11F21 /* AppKit.framework */,
			);
			name = "Other Frameworks";
			sourceTree = "<group>";
		};
		BE51E45E18B2907F00B11F21 /* ODManager */ = {
			isa = PBXGroup;
			children = (
				BEAD213A18FD7B9C00E5260E /* ODManagerConstants.h */,
				BE51E48B18B2916100B11F21 /* ODManager.h */,
				BE51E48C18B2916100B11F21 /* ODManager.m */,
				BE51E48D18B2916100B11F21 /* ODManagerRecord.h */,
				BE51E48E18B2916100B11F21 /* ODManagerRecord.m */,
				BE51E48F18B2916100B11F21 /* ODManagerEditor.h */,
				BE51E49018B2916100B11F21 /* ODManagerEditor.m */,
				BE51E49118B2916100B11F21 /* ODManagerNode.h */,
				BE51E49218B2916100B11F21 /* ODManagerNode.m */,
				BE51E47F18B2909C00B11F21 /* ODSecureObjects.h */,
				BE51E48018B2909C00B11F21 /* ODSecureObjects.m */,
				BE51E49C18B2921600B11F21 /* ODManagerError.h */,
				BE51E49D18B2921600B11F21 /* ODManagerError.m */,
				BE51E45F18B2907F00B11F21 /* Supporting Files */,
			);
			path = ODManager;
			sourceTree = "<group>";
		};
		BE51E45F18B2907F00B11F21 /* Supporting Files */ = {
			isa = PBXGroup;
			children = (
				BE51E4A218B2938000B11F21 /* TBXML.h */,
				BE51E4A318B2938000B11F21 /* TBXML.m */,
				BE51E4A118B2938000B11F21 /* ODManagerStrings.strings */,
				BE51E46018B2907F00B11F21 /* ODManager-Prefix.pch */,
				BEA14CCF18FECF9600BE1A00 /* ODManager-Info.plist */,
				BEA14CD018FECF9600BE1A00 /* InfoPlist.strings */,
			);
			name = "Supporting Files";
			sourceTree = "<group>";
		};
		BE51E46F18B2907F00B11F21 /* ODManagerTests */ = {
			isa = PBXGroup;
			children = (
				BE51E47518B2907F00B11F21 /* ODManagerTests.m */,
				BE51E47018B2907F00B11F21 /* Supporting Files */,
			);
			path = ODManagerTests;
			sourceTree = "<group>";
		};
		BE51E47018B2907F00B11F21 /* Supporting Files */ = {
			isa = PBXGroup;
			children = (
				BE51E47118B2907F00B11F21 /* ODManagerTests-Info.plist */,
				BE51E47218B2907F00B11F21 /* InfoPlist.strings */,
			);
			name = "Supporting Files";
			sourceTree = "<group>";
		};
		BEA14CE118FECF9600BE1A00 /* ODManagerTests */ = {
			isa = PBXGroup;
			children = (
				BEA14CE718FECF9600BE1A00 /* ODManagerTests.m */,
				BEA14CE218FECF9600BE1A00 /* Supporting Files */,
			);
			path = ODManagerTests;
			sourceTree = "<group>";
		};
		BEA14CE218FECF9600BE1A00 /* Supporting Files */ = {
			isa = PBXGroup;
			children = (
				BEA14CE318FECF9600BE1A00 /* ODManagerTests-Info.plist */,
				BEA14CE418FECF9600BE1A00 /* InfoPlist.strings */,
			);
			name = "Supporting Files";
			sourceTree = "<group>";
		};
		BEAC320618FC0E04003AEA9C /* ODMangerTests */ = {
			isa = PBXGroup;
			children = (
				BEAC320C18FC0E04003AEA9C /* ODMangerTests.m */,
				BEAC320718FC0E04003AEA9C /* Supporting Files */,
			);
			path = ODMangerTests;
			sourceTree = "<group>";
		};
		BEAC320718FC0E04003AEA9C /* Supporting Files */ = {
			isa = PBXGroup;
			children = (
				BEAC320818FC0E04003AEA9C /* ODMangerTests-Info.plist */,
				BEAC320918FC0E04003AEA9C /* InfoPlist.strings */,
			);
			name = "Supporting Files";
			sourceTree = "<group>";
		};
/* End PBXGroup section */

/* Begin PBXHeadersBuildPhase section */
		BE51E45318B2907F00B11F21 /* Headers */ = {
			isa = PBXHeadersBuildPhase;
			buildActionMask = 2147483647;
			files = (
				BE51E49318B2916100B11F21 /* ODManager.h in Headers */,
				BEAD213C18FD7C0300E5260E /* ODManagerConstants.h in Headers */,
				BE51E48118B2909C00B11F21 /* ODSecureObjects.h in Headers */,
				BE51E4AB18B2A05800B11F21 /* ODManagerStrings.strings in Headers */,
				BE51E49518B2916100B11F21 /* ODManagerRecord.h in Headers */,
				BE51E49718B2916100B11F21 /* ODManagerEditor.h in Headers */,
				BE51E49918B2916100B11F21 /* ODManagerNode.h in Headers */,
				BE51E49F18B2921600B11F21 /* ODManagerError.h in Headers */,
				BE51E4A418B2938000B11F21 /* TBXML.h in Headers */,
			);
			runOnlyForDeploymentPostprocessing = 0;
		};
		BEA14CC818FECF9600BE1A00 /* Headers */ = {
			isa = PBXHeadersBuildPhase;
			buildActionMask = 2147483647;
			files = (
				BEBFF11618FEFCB3008030EC /* ODManagerConstants.h in Headers */,
				BEBFF11718FEFCB3008030EC /* ODManager.h in Headers */,
				BEBFF11818FEFCD3008030EC /* ODManagerRecord.h in Headers */,
				BEBFF11918FEFCD3008030EC /* ODManagerEditor.h in Headers */,
				BEBFF11A18FEFCD3008030EC /* ODManagerNode.h in Headers */,
				BEBFF11B18FEFCD3008030EC /* ODSecureObjects.h in Headers */,
				BEBFF11C18FEFCD3008030EC /* ODManagerError.h in Headers */,
				BEBFF11D18FEFCD3008030EC /* TBXML.h in Headers */,
			);
			runOnlyForDeploymentPostprocessing = 0;
		};
/* End PBXHeadersBuildPhase section */

/* Begin PBXNativeTarget section */
		BE51E45418B2907F00B11F21 /* ODManagerOSX */ = {
			isa = PBXNativeTarget;
			buildConfigurationList = BE51E47918B2907F00B11F21 /* Build configuration list for PBXNativeTarget "ODManagerOSX" */;
			buildPhases = (
				BE51E45118B2907F00B11F21 /* Sources */,
				BE51E45218B2907F00B11F21 /* Frameworks */,
				BE51E45318B2907F00B11F21 /* Headers */,
			);
			buildRules = (
			);
			dependencies = (
			);
			name = ODManagerOSX;
			productName = ODMangaer;
			productReference = BE51E45518B2907F00B11F21 /* libODManagerOSX.a */;
			productType = "com.apple.product-type.library.static";
		};
		BE51E46718B2907F00B11F21 /* ODManagerLibTests */ = {
			isa = PBXNativeTarget;
			buildConfigurationList = BE51E47C18B2907F00B11F21 /* Build configuration list for PBXNativeTarget "ODManagerLibTests" */;
			buildPhases = (
				BE51E46418B2907F00B11F21 /* Sources */,
				BE51E46518B2907F00B11F21 /* Frameworks */,
				BE51E46618B2907F00B11F21 /* Resources */,
			);
			buildRules = (
			);
			dependencies = (
				BE51E46D18B2907F00B11F21 /* PBXTargetDependency */,
			);
			name = ODManagerLibTests;
			productName = ODMangaerTests;
			productReference = BE51E46818B2907F00B11F21 /* ODManagerLibTests.xctest */;
			productType = "com.apple.product-type.bundle.unit-test";
		};
		BEA14CCA18FECF9600BE1A00 /* ODManager */ = {
			isa = PBXNativeTarget;
			buildConfigurationList = BEA14CE918FECF9700BE1A00 /* Build configuration list for PBXNativeTarget "ODManager" */;
			buildPhases = (
				BEA14CC618FECF9600BE1A00 /* Sources */,
				BEA14CC718FECF9600BE1A00 /* Frameworks */,
				BEA14CC818FECF9600BE1A00 /* Headers */,
				BEA14CC918FECF9600BE1A00 /* Resources */,
			);
			buildRules = (
			);
			dependencies = (
			);
			name = ODManager;
			productName = ODManager;
			productReference = BEA14CCB18FECF9600BE1A00 /* ODManager.framework */;
			productType = "com.apple.product-type.framework";
		};
		BEA14CDA18FECF9600BE1A00 /* ODManagerFrameworkTests */ = {
			isa = PBXNativeTarget;
			buildConfigurationList = BEA14CEC18FECF9700BE1A00 /* Build configuration list for PBXNativeTarget "ODManagerFrameworkTests" */;
			buildPhases = (
				BEA14CD718FECF9600BE1A00 /* Sources */,
				BEA14CD818FECF9600BE1A00 /* Frameworks */,
				BEA14CD918FECF9600BE1A00 /* Resources */,
			);
			buildRules = (
			);
			dependencies = (
				BEA14CDF18FECF9600BE1A00 /* PBXTargetDependency */,
			);
			name = ODManagerFrameworkTests;
			productName = ODManagerTests;
			productReference = BEA14CDB18FECF9600BE1A00 /* ODManagerFrameworkTests.xctest */;
			productType = "com.apple.product-type.bundle.unit-test";
		};
/* End PBXNativeTarget section */

/* Begin PBXProject section */
		BE51E44D18B2907F00B11F21 /* Project object */ = {
			isa = PBXProject;
			attributes = {
				LastUpgradeCheck = 0500;
				ORGANIZATIONNAME = "Eldon Ahrold";
				TargetAttributes = {
					BE51E46718B2907F00B11F21 = {
						TestTargetID = BEA14CCA18FECF9600BE1A00;
					};
					BEA14CDA18FECF9600BE1A00 = {
						TestTargetID = BEA14CCA18FECF9600BE1A00;
					};
				};
			};
			buildConfigurationList = BE51E45018B2907F00B11F21 /* Build configuration list for PBXProject "ODManager" */;
			compatibilityVersion = "Xcode 3.2";
			developmentRegion = English;
			hasScannedForEncodings = 0;
			knownRegions = (
				en,
			);
			mainGroup = BE51E44C18B2907F00B11F21;
			productRefGroup = BE51E45618B2907F00B11F21 /* Products */;
			projectDirPath = "";
			projectRoot = "";
			targets = (
				BE51E45418B2907F00B11F21 /* ODManagerOSX */,
				BE51E46718B2907F00B11F21 /* ODManagerLibTests */,
				BEA14CCA18FECF9600BE1A00 /* ODManager */,
				BEA14CDA18FECF9600BE1A00 /* ODManagerFrameworkTests */,
			);
		};
/* End PBXProject section */

/* Begin PBXResourcesBuildPhase section */
		BE51E46618B2907F00B11F21 /* Resources */ = {
			isa = PBXResourcesBuildPhase;
			buildActionMask = 2147483647;
			files = (
				BE51E47418B2907F00B11F21 /* InfoPlist.strings in Resources */,
				BE51E4A918B2968F00B11F21 /* ODManagerStrings.strings in Resources */,
			);
			runOnlyForDeploymentPostprocessing = 0;
		};
		BEA14CC918FECF9600BE1A00 /* Resources */ = {
			isa = PBXResourcesBuildPhase;
			buildActionMask = 2147483647;
			files = (
				BEA14CD218FECF9600BE1A00 /* InfoPlist.strings in Resources */,
			);
			runOnlyForDeploymentPostprocessing = 0;
		};
		BEA14CD918FECF9600BE1A00 /* Resources */ = {
			isa = PBXResourcesBuildPhase;
			buildActionMask = 2147483647;
			files = (
				BEA14CE618FECF9600BE1A00 /* InfoPlist.strings in Resources */,
			);
			runOnlyForDeploymentPostprocessing = 0;
		};
/* End PBXResourcesBuildPhase section */

/* Begin PBXSourcesBuildPhase section */
		BE51E45118B2907F00B11F21 /* Sources */ = {
			isa = PBXSourcesBuildPhase;
			buildActionMask = 2147483647;
			files = (
				BE2304E918B3CCC500F0130A /* TBXML.m in Sources */,
				BE2304E518B3CB1700F0130A /* ODManagerEditor.m in Sources */,
				BE2304E818B3CB1700F0130A /* ODManagerError.m in Sources */,
				BE2304E318B3CB1700F0130A /* ODManager.m in Sources */,
				BE2304E618B3CB1700F0130A /* ODManagerNode.m in Sources */,
				BE2304E418B3CB1700F0130A /* ODManagerRecord.m in Sources */,
				BE2304E718B3CB1700F0130A /* ODSecureObjects.m in Sources */,
			);
			runOnlyForDeploymentPostprocessing = 0;
		};
		BE51E46418B2907F00B11F21 /* Sources */ = {
			isa = PBXSourcesBuildPhase;
			buildActionMask = 2147483647;
			files = (
				BE51E47618B2907F00B11F21 /* ODManagerTests.m in Sources */,
			);
			runOnlyForDeploymentPostprocessing = 0;
		};
		BEA14CC618FECF9600BE1A00 /* Sources */ = {
			isa = PBXSourcesBuildPhase;
			buildActionMask = 2147483647;
			files = (
				BEBFF11E18FEFDAF008030EC /* ODManager.m in Sources */,
				BEBFF11018FEFC8D008030EC /* ODManagerRecord.m in Sources */,
				BEBFF11118FEFC8D008030EC /* ODManagerEditor.m in Sources */,
				BEBFF11218FEFC8D008030EC /* ODManagerNode.m in Sources */,
				BEBFF11318FEFC8D008030EC /* ODSecureObjects.m in Sources */,
				BEBFF11418FEFC8D008030EC /* ODManagerError.m in Sources */,
				BEBFF11518FEFC8D008030EC /* TBXML.m in Sources */,
			);
			runOnlyForDeploymentPostprocessing = 0;
		};
		BEA14CD718FECF9600BE1A00 /* Sources */ = {
			isa = PBXSourcesBuildPhase;
			buildActionMask = 2147483647;
			files = (
				BEA14CE818FECF9700BE1A00 /* ODManagerTests.m in Sources */,
			);
			runOnlyForDeploymentPostprocessing = 0;
		};
/* End PBXSourcesBuildPhase section */

/* Begin PBXTargetDependency section */
		BE51E46D18B2907F00B11F21 /* PBXTargetDependency */ = {
			isa = PBXTargetDependency;
			target = BE51E45418B2907F00B11F21 /* ODManagerOSX */;
			targetProxy = BE51E46C18B2907F00B11F21 /* PBXContainerItemProxy */;
		};
		BEA14CDF18FECF9600BE1A00 /* PBXTargetDependency */ = {
			isa = PBXTargetDependency;
			target = BEA14CCA18FECF9600BE1A00 /* ODManager */;
			targetProxy = BEA14CDE18FECF9600BE1A00 /* PBXContainerItemProxy */;
		};
/* End PBXTargetDependency section */

/* Begin PBXVariantGroup section */
		BE51E47218B2907F00B11F21 /* InfoPlist.strings */ = {
			isa = PBXVariantGroup;
			children = (
				BE51E47318B2907F00B11F21 /* en */,
			);
			name = InfoPlist.strings;
			sourceTree = "<group>";
		};
		BEA14CD018FECF9600BE1A00 /* InfoPlist.strings */ = {
			isa = PBXVariantGroup;
			children = (
				BEA14CD118FECF9600BE1A00 /* en */,
			);
			name = InfoPlist.strings;
			sourceTree = "<group>";
		};
		BEA14CE418FECF9600BE1A00 /* InfoPlist.strings */ = {
			isa = PBXVariantGroup;
			children = (
				BEA14CE518FECF9600BE1A00 /* en */,
			);
			name = InfoPlist.strings;
			sourceTree = "<group>";
		};
		BEAC320918FC0E04003AEA9C /* InfoPlist.strings */ = {
			isa = PBXVariantGroup;
			children = (
				BEAC320A18FC0E04003AEA9C /* en */,
			);
			name = InfoPlist.strings;
			sourceTree = "<group>";
		};
/* End PBXVariantGroup section */

/* Begin XCBuildConfiguration section */
		BE51E47718B2907F00B11F21 /* Debug */ = {
			isa = XCBuildConfiguration;
			buildSettings = {
				ALWAYS_SEARCH_USER_PATHS = NO;
				CLANG_CXX_LANGUAGE_STANDARD = "gnu++0x";
				CLANG_CXX_LIBRARY = "libc++";
				CLANG_ENABLE_OBJC_ARC = YES;
				CLANG_WARN_BOOL_CONVERSION = YES;
				CLANG_WARN_CONSTANT_CONVERSION = YES;
				CLANG_WARN_DIRECT_OBJC_ISA_USAGE = YES_ERROR;
				CLANG_WARN_EMPTY_BODY = YES;
				CLANG_WARN_ENUM_CONVERSION = YES;
				CLANG_WARN_INT_CONVERSION = YES;
				CLANG_WARN_OBJC_ROOT_CLASS = YES_ERROR;
				CLANG_WARN__DUPLICATE_METHOD_MATCH = YES;
				COPY_PHASE_STRIP = NO;
				GCC_C_LANGUAGE_STANDARD = gnu99;
				GCC_DYNAMIC_NO_PIC = NO;
				GCC_ENABLE_OBJC_EXCEPTIONS = YES;
				GCC_OPTIMIZATION_LEVEL = 0;
				GCC_PREPROCESSOR_DEFINITIONS = (
					"DEBUG=1",
					"$(inherited)",
				);
				GCC_SYMBOLS_PRIVATE_EXTERN = NO;
				GCC_WARN_64_TO_32_BIT_CONVERSION = YES;
				GCC_WARN_ABOUT_RETURN_TYPE = YES_ERROR;
				GCC_WARN_UNDECLARED_SELECTOR = YES;
				GCC_WARN_UNINITIALIZED_AUTOS = YES;
				GCC_WARN_UNUSED_FUNCTION = YES;
				GCC_WARN_UNUSED_VARIABLE = YES;
				MACOSX_DEPLOYMENT_TARGET = 10.8;
				ONLY_ACTIVE_ARCH = NO;
				SDKROOT = macosx;
			};
			name = Debug;
		};
		BE51E47818B2907F00B11F21 /* Release */ = {
			isa = XCBuildConfiguration;
			buildSettings = {
				ALWAYS_SEARCH_USER_PATHS = NO;
				CLANG_CXX_LANGUAGE_STANDARD = "gnu++0x";
				CLANG_CXX_LIBRARY = "libc++";
				CLANG_ENABLE_OBJC_ARC = YES;
				CLANG_WARN_BOOL_CONVERSION = YES;
				CLANG_WARN_CONSTANT_CONVERSION = YES;
				CLANG_WARN_DIRECT_OBJC_ISA_USAGE = YES_ERROR;
				CLANG_WARN_EMPTY_BODY = YES;
				CLANG_WARN_ENUM_CONVERSION = YES;
				CLANG_WARN_INT_CONVERSION = YES;
				CLANG_WARN_OBJC_ROOT_CLASS = YES_ERROR;
				CLANG_WARN__DUPLICATE_METHOD_MATCH = YES;
				COPY_PHASE_STRIP = YES;
				DEBUG_INFORMATION_FORMAT = "dwarf-with-dsym";
				ENABLE_NS_ASSERTIONS = NO;
				GCC_C_LANGUAGE_STANDARD = gnu99;
				GCC_ENABLE_OBJC_EXCEPTIONS = YES;
				GCC_WARN_64_TO_32_BIT_CONVERSION = YES;
				GCC_WARN_ABOUT_RETURN_TYPE = YES_ERROR;
				GCC_WARN_UNDECLARED_SELECTOR = YES;
				GCC_WARN_UNINITIALIZED_AUTOS = YES;
				GCC_WARN_UNUSED_FUNCTION = YES;
				GCC_WARN_UNUSED_VARIABLE = YES;
				MACOSX_DEPLOYMENT_TARGET = 10.8;
				ONLY_ACTIVE_ARCH = NO;
				SDKROOT = macosx;
			};
			name = Release;
		};
		BE51E47A18B2907F00B11F21 /* Debug */ = {
			isa = XCBuildConfiguration;
			buildSettings = {
				CODE_SIGN_IDENTITY = "Developer ID Application";
				CURRENT_PROJECT_VERSION = "";
				GCC_PRECOMPILE_PREFIX_HEADER = YES;
				GCC_PREFIX_HEADER = "ODManager/ODManager-Prefix.pch";
				INSTALL_PATH = /include;
				MACOSX_DEPLOYMENT_TARGET = 10.8;
				PRIVATE_HEADERS_FOLDER_PATH = /include;
				PRODUCT_NAME = "$(TARGET_NAME)";
				PUBLIC_HEADERS_FOLDER_PATH = /include;
				SDKROOT = macosx;
			};
			name = Debug;
		};
		BE51E47B18B2907F00B11F21 /* Release */ = {
			isa = XCBuildConfiguration;
			buildSettings = {
				CODE_SIGN_IDENTITY = "Developer ID Application";
				CURRENT_PROJECT_VERSION = "";
				GCC_PRECOMPILE_PREFIX_HEADER = YES;
				GCC_PREFIX_HEADER = "ODManager/ODManager-Prefix.pch";
				INSTALL_PATH = /include;
				MACOSX_DEPLOYMENT_TARGET = 10.8;
				PRIVATE_HEADERS_FOLDER_PATH = /include;
				PRODUCT_NAME = "$(TARGET_NAME)";
				PUBLIC_HEADERS_FOLDER_PATH = /include;
				SDKROOT = macosx;
			};
			name = Release;
		};
		BE51E47D18B2907F00B11F21 /* Debug */ = {
			isa = XCBuildConfiguration;
			buildSettings = {
				BUNDLE_LOADER = "$(BUILT_PRODUCTS_DIR)/ODManager.framework/Versions/A/ODManager";
				COMBINE_HIDPI_IMAGES = YES;
				FRAMEWORK_SEARCH_PATHS = (
					"$(DEVELOPER_FRAMEWORKS_DIR)",
					"$(inherited)",
				);
				GCC_PRECOMPILE_PREFIX_HEADER = YES;
				GCC_PREFIX_HEADER = "ODManager/ODManager-Prefix.pch";
				GCC_PREPROCESSOR_DEFINITIONS = (
					"DEBUG=1",
					"$(inherited)",
				);
				INFOPLIST_FILE = "ODManagerTests/ODManagerTests-Info.plist";
				MACOSX_DEPLOYMENT_TARGET = 10.8;
				PRODUCT_NAME = "$(TARGET_NAME)";
				SDKROOT = macosx;
				TEST_HOST = "$(BUNDLE_LOADER)";
				WRAPPER_EXTENSION = xctest;
			};
			name = Debug;
		};
		BE51E47E18B2907F00B11F21 /* Release */ = {
			isa = XCBuildConfiguration;
			buildSettings = {
				BUNDLE_LOADER = "$(BUILT_PRODUCTS_DIR)/ODManager.framework/Versions/A/ODManager";
				COMBINE_HIDPI_IMAGES = YES;
				FRAMEWORK_SEARCH_PATHS = (
					"$(DEVELOPER_FRAMEWORKS_DIR)",
					"$(inherited)",
				);
				GCC_PRECOMPILE_PREFIX_HEADER = YES;
				GCC_PREFIX_HEADER = "ODManager/ODManager-Prefix.pch";
				INFOPLIST_FILE = "ODManagerTests/ODManagerTests-Info.plist";
				MACOSX_DEPLOYMENT_TARGET = 10.8;
				PRODUCT_NAME = "$(TARGET_NAME)";
				SDKROOT = macosx;
				TEST_HOST = "$(BUNDLE_LOADER)";
				WRAPPER_EXTENSION = xctest;
			};
			name = Release;
		};
		BEA14CEA18FECF9700BE1A00 /* Debug */ = {
			isa = XCBuildConfiguration;
			buildSettings = {
				CODE_SIGN_IDENTITY = "Developer ID Application";
				COMBINE_HIDPI_IMAGES = YES;
				DYLIB_COMPATIBILITY_VERSION = 1;
				DYLIB_CURRENT_VERSION = 1;
				FRAMEWORK_VERSION = A;
				GCC_PRECOMPILE_PREFIX_HEADER = YES;
				GCC_PREFIX_HEADER = "ODManager/ODManager-Prefix.pch";
				GCC_PREPROCESSOR_DEFINITIONS = (
					"DEBUG=1",
					"$(inherited)",
				);
				INFOPLIST_FILE = "ODManager/ODManager-Info.plist";
				MACOSX_DEPLOYMENT_TARGET = 10.9;
				ONLY_ACTIVE_ARCH = YES;
				PRODUCT_NAME = "$(TARGET_NAME)";
				WRAPPER_EXTENSION = framework;
			};
			name = Debug;
		};
		BEA14CEB18FECF9700BE1A00 /* Release */ = {
			isa = XCBuildConfiguration;
			buildSettings = {
				CODE_SIGN_IDENTITY = "Developer ID Application";
				COMBINE_HIDPI_IMAGES = YES;
				DYLIB_COMPATIBILITY_VERSION = 1;
				DYLIB_CURRENT_VERSION = 1;
				FRAMEWORK_VERSION = A;
				GCC_PRECOMPILE_PREFIX_HEADER = YES;
				GCC_PREFIX_HEADER = "ODManager/ODManager-Prefix.pch";
				INFOPLIST_FILE = "ODManager/ODManager-Info.plist";
				MACOSX_DEPLOYMENT_TARGET = 10.9;
				PRODUCT_NAME = "$(TARGET_NAME)";
				WRAPPER_EXTENSION = framework;
			};
			name = Release;
		};
		BEA14CED18FECF9700BE1A00 /* Debug */ = {
			isa = XCBuildConfiguration;
			buildSettings = {
				BUNDLE_LOADER = "$(BUILT_PRODUCTS_DIR)/ODManager.framework/Versions/A/ODManager";
				COMBINE_HIDPI_IMAGES = YES;
				FRAMEWORK_SEARCH_PATHS = (
					"$(DEVELOPER_FRAMEWORKS_DIR)",
					"$(inherited)",
				);
				GCC_PRECOMPILE_PREFIX_HEADER = YES;
				GCC_PREFIX_HEADER = "ODManager/ODManager-Prefix.pch";
				GCC_PREPROCESSOR_DEFINITIONS = (
					"DEBUG=1",
					"$(inherited)",
				);
				INFOPLIST_FILE = "ODManagerTests/ODManagerTests-Info.plist";
				MACOSX_DEPLOYMENT_TARGET = 10.9;
				ONLY_ACTIVE_ARCH = YES;
				PRODUCT_NAME = "$(TARGET_NAME)";
				TEST_HOST = "$(BUNDLE_LOADER)";
				WRAPPER_EXTENSION = xctest;
			};
			name = Debug;
		};
		BEA14CEE18FECF9700BE1A00 /* Release */ = {
			isa = XCBuildConfiguration;
			buildSettings = {
				BUNDLE_LOADER = "$(BUILT_PRODUCTS_DIR)/ODManager.framework/Versions/A/ODManager";
				COMBINE_HIDPI_IMAGES = YES;
				FRAMEWORK_SEARCH_PATHS = (
					"$(DEVELOPER_FRAMEWORKS_DIR)",
					"$(inherited)",
				);
				GCC_PRECOMPILE_PREFIX_HEADER = YES;
				GCC_PREFIX_HEADER = "ODManager/ODManager-Prefix.pch";
				INFOPLIST_FILE = "ODManagerTests/ODManagerTests-Info.plist";
				MACOSX_DEPLOYMENT_TARGET = 10.9;
				PRODUCT_NAME = "$(TARGET_NAME)";
				TEST_HOST = "$(BUNDLE_LOADER)";
				WRAPPER_EXTENSION = xctest;
			};
			name = Release;
		};
/* End XCBuildConfiguration section */

/* Begin XCConfigurationList section */
		BE51E45018B2907F00B11F21 /* Build configuration list for PBXProject "ODManager" */ = {
			isa = XCConfigurationList;
			buildConfigurations = (
				BE51E47718B2907F00B11F21 /* Debug */,
				BE51E47818B2907F00B11F21 /* Release */,
			);
			defaultConfigurationIsVisible = 0;
			defaultConfigurationName = Release;
		};
		BE51E47918B2907F00B11F21 /* Build configuration list for PBXNativeTarget "ODManagerOSX" */ = {
			isa = XCConfigurationList;
			buildConfigurations = (
				BE51E47A18B2907F00B11F21 /* Debug */,
				BE51E47B18B2907F00B11F21 /* Release */,
			);
			defaultConfigurationIsVisible = 0;
			defaultConfigurationName = Release;
		};
		BE51E47C18B2907F00B11F21 /* Build configuration list for PBXNativeTarget "ODManagerLibTests" */ = {
			isa = XCConfigurationList;
			buildConfigurations = (
				BE51E47D18B2907F00B11F21 /* Debug */,
				BE51E47E18B2907F00B11F21 /* Release */,
			);
			defaultConfigurationIsVisible = 0;
			defaultConfigurationName = Release;
		};
		BEA14CE918FECF9700BE1A00 /* Build configuration list for PBXNativeTarget "ODManager" */ = {
			isa = XCConfigurationList;
			buildConfigurations = (
				BEA14CEA18FECF9700BE1A00 /* Debug */,
				BEA14CEB18FECF9700BE1A00 /* Release */,
			);
			defaultConfigurationIsVisible = 0;
			defaultConfigurationName = Release;
		};
		BEA14CEC18FECF9700BE1A00 /* Build configuration list for PBXNativeTarget "ODManagerFrameworkTests" */ = {
			isa = XCConfigurationList;
			buildConfigurations = (
				BEA14CED18FECF9700BE1A00 /* Debug */,
				BEA14CEE18FECF9700BE1A00 /* Release */,
			);
			defaultConfigurationIsVisible = 0;
			defaultConfigurationName = Release;
		};
/* End XCConfigurationList section */
	};
	rootObject = BE51E44D18B2907F00B11F21 /* Project object */;
}
